// !$*UTF8*$!
{
	archiveVersion = 1;
	classes = {
	};
	objectVersion = 48;
	objects = {

/* Begin PBXBuildFile section */
		1F4090FB20E55E8E0035793F /* Grid.swift in Sources */ = {isa = PBXBuildFile; fileRef = 1F4090FA20E55E8E0035793F /* Grid.swift */; };
		1F425F2D20D665A400BEED47 /* CardSymbolViewTemplate.swift in Sources */ = {isa = PBXBuildFile; fileRef = 1F425F2C20D665A400BEED47 /* CardSymbolViewTemplate.swift */; };
		1F4D1ED720D6D3440057C636 /* PlateJewelSymbolView.swift in Sources */ = {isa = PBXBuildFile; fileRef = 1F4D1ED620D6D3440057C636 /* PlateJewelSymbolView.swift */; };
		1F783DA520939AE70006EC19 /* AppDelegate.swift in Sources */ = {isa = PBXBuildFile; fileRef = 1F783DA420939AE70006EC19 /* AppDelegate.swift */; };
		1F783DAA20939AE70006EC19 /* Main.storyboard in Resources */ = {isa = PBXBuildFile; fileRef = 1F783DA820939AE70006EC19 /* Main.storyboard */; };
		1F783DAC20939AE70006EC19 /* Assets.xcassets in Resources */ = {isa = PBXBuildFile; fileRef = 1F783DAB20939AE70006EC19 /* Assets.xcassets */; };
		1F783DAF20939AE70006EC19 /* LaunchScreen.storyboard in Resources */ = {isa = PBXBuildFile; fileRef = 1F783DAD20939AE70006EC19 /* LaunchScreen.storyboard */; };
		1F783DBA20939AE80006EC19 /* SetGameTests.swift in Sources */ = {isa = PBXBuildFile; fileRef = 1F783DB920939AE80006EC19 /* SetGameTests.swift */; };
		1F783DC520939AE80006EC19 /* SetGameUITests.swift in Sources */ = {isa = PBXBuildFile; fileRef = 1F783DC420939AE80006EC19 /* SetGameUITests.swift */; };
		1F81FB4320986F0400E99EB4 /* SetGameSingleton.swift in Sources */ = {isa = PBXBuildFile; fileRef = 1F81FB4220986F0400E99EB4 /* SetGameSingleton.swift */; };
		1F8F53C820D304E3009805CA /* HalfDiamondSymbolView.swift in Sources */ = {isa = PBXBuildFile; fileRef = 1F8F53C720D304E3009805CA /* HalfDiamondSymbolView.swift */; };
		1FC3013820CD1E730073851B /* SetCardView.swift in Sources */ = {isa = PBXBuildFile; fileRef = 1FC3013720CD1E730073851B /* SetCardView.swift */; };
		1FC3013A20CD25FB0073851B /* GraphicSetViewController.swift in Sources */ = {isa = PBXBuildFile; fileRef = 1FC3013920CD25FB0073851B /* GraphicSetViewController.swift */; };
		1FC3013C20CD59850073851B /* DiamondSymbolView.swift in Sources */ = {isa = PBXBuildFile; fileRef = 1FC3013B20CD59850073851B /* DiamondSymbolView.swift */; };
/* End PBXBuildFile section */

/* Begin PBXContainerItemProxy section */
		1F783DB620939AE80006EC19 /* PBXContainerItemProxy */ = {
			isa = PBXContainerItemProxy;
			containerPortal = 1F783D9920939AE70006EC19 /* Project object */;
			proxyType = 1;
			remoteGlobalIDString = 1F783DA020939AE70006EC19;
			remoteInfo = SetGame;
		};
		1F783DC120939AE80006EC19 /* PBXContainerItemProxy */ = {
			isa = PBXContainerItemProxy;
			containerPortal = 1F783D9920939AE70006EC19 /* Project object */;
			proxyType = 1;
			remoteGlobalIDString = 1F783DA020939AE70006EC19;
			remoteInfo = SetGame;
		};
/* End PBXContainerItemProxy section */

/* Begin PBXFileReference section */
		1F4090FA20E55E8E0035793F /* Grid.swift */ = {isa = PBXFileReference; fileEncoding = 4; lastKnownFileType = sourcecode.swift; name = Grid.swift; path = ../../../../Downloads/Grid.swift; sourceTree = "<group>"; };
		1F425F2C20D665A400BEED47 /* CardSymbolViewTemplate.swift */ = {isa = PBXFileReference; lastKnownFileType = sourcecode.swift; path = CardSymbolViewTemplate.swift; sourceTree = "<group>"; };
		1F4D1ED620D6D3440057C636 /* PlateJewelSymbolView.swift */ = {isa = PBXFileReference; lastKnownFileType = sourcecode.swift; path = PlateJewelSymbolView.swift; sourceTree = "<group>"; };
		1F783DA120939AE70006EC19 /* SetGame.app */ = {isa = PBXFileReference; explicitFileType = wrapper.application; includeInIndex = 0; path = SetGame.app; sourceTree = BUILT_PRODUCTS_DIR; };
		1F783DA420939AE70006EC19 /* AppDelegate.swift */ = {isa = PBXFileReference; lastKnownFileType = sourcecode.swift; path = AppDelegate.swift; sourceTree = "<group>"; };
		1F783DA920939AE70006EC19 /* Base */ = {isa = PBXFileReference; lastKnownFileType = file.storyboard; name = Base; path = Base.lproj/Main.storyboard; sourceTree = "<group>"; };
		1F783DAB20939AE70006EC19 /* Assets.xcassets */ = {isa = PBXFileReference; lastKnownFileType = folder.assetcatalog; path = Assets.xcassets; sourceTree = "<group>"; };
		1F783DAE20939AE70006EC19 /* Base */ = {isa = PBXFileReference; lastKnownFileType = file.storyboard; name = Base; path = Base.lproj/LaunchScreen.storyboard; sourceTree = "<group>"; };
		1F783DB020939AE70006EC19 /* Info.plist */ = {isa = PBXFileReference; lastKnownFileType = text.plist.xml; path = Info.plist; sourceTree = "<group>"; };
		1F783DB520939AE80006EC19 /* SetGameTests.xctest */ = {isa = PBXFileReference; explicitFileType = wrapper.cfbundle; includeInIndex = 0; path = SetGameTests.xctest; sourceTree = BUILT_PRODUCTS_DIR; };
		1F783DB920939AE80006EC19 /* SetGameTests.swift */ = {isa = PBXFileReference; lastKnownFileType = sourcecode.swift; path = SetGameTests.swift; sourceTree = "<group>"; };
		1F783DBB20939AE80006EC19 /* Info.plist */ = {isa = PBXFileReference; lastKnownFileType = text.plist.xml; path = Info.plist; sourceTree = "<group>"; };
		1F783DC020939AE80006EC19 /* SetGameUITests.xctest */ = {isa = PBXFileReference; explicitFileType = wrapper.cfbundle; includeInIndex = 0; path = SetGameUITests.xctest; sourceTree = BUILT_PRODUCTS_DIR; };
		1F783DC420939AE80006EC19 /* SetGameUITests.swift */ = {isa = PBXFileReference; lastKnownFileType = sourcecode.swift; path = SetGameUITests.swift; sourceTree = "<group>"; };
		1F783DC620939AE80006EC19 /* Info.plist */ = {isa = PBXFileReference; lastKnownFileType = text.plist.xml; path = Info.plist; sourceTree = "<group>"; };
		1F81FB4220986F0400E99EB4 /* SetGameSingleton.swift */ = {isa = PBXFileReference; lastKnownFileType = sourcecode.swift; path = SetGameSingleton.swift; sourceTree = "<group>"; };
		1F8F53C720D304E3009805CA /* HalfDiamondSymbolView.swift */ = {isa = PBXFileReference; lastKnownFileType = sourcecode.swift; path = HalfDiamondSymbolView.swift; sourceTree = "<group>"; };
		1FC3013720CD1E730073851B /* SetCardView.swift */ = {isa = PBXFileReference; lastKnownFileType = sourcecode.swift; path = SetCardView.swift; sourceTree = "<group>"; };
		1FC3013920CD25FB0073851B /* GraphicSetViewController.swift */ = {isa = PBXFileReference; lastKnownFileType = sourcecode.swift; path = GraphicSetViewController.swift; sourceTree = "<group>"; };
		1FC3013B20CD59850073851B /* DiamondSymbolView.swift */ = {isa = PBXFileReference; lastKnownFileType = sourcecode.swift; path = DiamondSymbolView.swift; sourceTree = "<group>"; };
/* End PBXFileReference section */

/* Begin PBXFrameworksBuildPhase section */
		1F783D9E20939AE70006EC19 /* Frameworks */ = {
			isa = PBXFrameworksBuildPhase;
			buildActionMask = 2147483647;
			files = (
			);
			runOnlyForDeploymentPostprocessing = 0;
		};
		1F783DB220939AE80006EC19 /* Frameworks */ = {
			isa = PBXFrameworksBuildPhase;
			buildActionMask = 2147483647;
			files = (
			);
			runOnlyForDeploymentPostprocessing = 0;
		};
		1F783DBD20939AE80006EC19 /* Frameworks */ = {
			isa = PBXFrameworksBuildPhase;
			buildActionMask = 2147483647;
			files = (
			);
			runOnlyForDeploymentPostprocessing = 0;
		};
/* End PBXFrameworksBuildPhase section */

/* Begin PBXGroup section */
		1F783D9820939AE70006EC19 = {
			isa = PBXGroup;
			children = (
				1F783DA320939AE70006EC19 /* SetGame */,
				1F783DB820939AE80006EC19 /* SetGameTests */,
				1F783DC320939AE80006EC19 /* SetGameUITests */,
				1F783DA220939AE70006EC19 /* Products */,
			);
			sourceTree = "<group>";
		};
		1F783DA220939AE70006EC19 /* Products */ = {
			isa = PBXGroup;
			children = (
				1F783DA120939AE70006EC19 /* SetGame.app */,
				1F783DB520939AE80006EC19 /* SetGameTests.xctest */,
				1F783DC020939AE80006EC19 /* SetGameUITests.xctest */,
			);
			name = Products;
			sourceTree = "<group>";
		};
		1F783DA320939AE70006EC19 /* SetGame */ = {
			isa = PBXGroup;
			children = (
				1F783DA420939AE70006EC19 /* AppDelegate.swift */,
				1F81FB4220986F0400E99EB4 /* SetGameSingleton.swift */,
				1FC3013920CD25FB0073851B /* GraphicSetViewController.swift */,
				1FC3013720CD1E730073851B /* SetCardView.swift */,
				1F425F2C20D665A400BEED47 /* CardSymbolViewTemplate.swift */,
				1FC3013B20CD59850073851B /* DiamondSymbolView.swift */,
				1F8F53C720D304E3009805CA /* HalfDiamondSymbolView.swift */,
				1F4D1ED620D6D3440057C636 /* PlateJewelSymbolView.swift */,
				1F4090FA20E55E8E0035793F /* Grid.swift */,
				1F783DA820939AE70006EC19 /* Main.storyboard */,
				1F783DAB20939AE70006EC19 /* Assets.xcassets */,
				1F783DAD20939AE70006EC19 /* LaunchScreen.storyboard */,
				1F783DB020939AE70006EC19 /* Info.plist */,
			);
			path = SetGame;
			sourceTree = "<group>";
		};
		1F783DB820939AE80006EC19 /* SetGameTests */ = {
			isa = PBXGroup;
			children = (
				1F783DB920939AE80006EC19 /* SetGameTests.swift */,
				1F783DBB20939AE80006EC19 /* Info.plist */,
			);
			path = SetGameTests;
			sourceTree = "<group>";
		};
		1F783DC320939AE80006EC19 /* SetGameUITests */ = {
			isa = PBXGroup;
			children = (
				1F783DC420939AE80006EC19 /* SetGameUITests.swift */,
				1F783DC620939AE80006EC19 /* Info.plist */,
			);
			path = SetGameUITests;
			sourceTree = "<group>";
		};
/* End PBXGroup section */

/* Begin PBXNativeTarget section */
		1F783DA020939AE70006EC19 /* SetGame */ = {
			isa = PBXNativeTarget;
			buildConfigurationList = 1F783DC920939AE80006EC19 /* Build configuration list for PBXNativeTarget "SetGame" */;
			buildPhases = (
				1F783D9D20939AE70006EC19 /* Sources */,
				1F783D9E20939AE70006EC19 /* Frameworks */,
				1F783D9F20939AE70006EC19 /* Resources */,
			);
			buildRules = (
			);
			dependencies = (
			);
			name = SetGame;
			productName = SetGame;
			productReference = 1F783DA120939AE70006EC19 /* SetGame.app */;
			productType = "com.apple.product-type.application";
		};
		1F783DB420939AE80006EC19 /* SetGameTests */ = {
			isa = PBXNativeTarget;
			buildConfigurationList = 1F783DCC20939AE80006EC19 /* Build configuration list for PBXNativeTarget "SetGameTests" */;
			buildPhases = (
				1F783DB120939AE80006EC19 /* Sources */,
				1F783DB220939AE80006EC19 /* Frameworks */,
				1F783DB320939AE80006EC19 /* Resources */,
			);
			buildRules = (
			);
			dependencies = (
				1F783DB720939AE80006EC19 /* PBXTargetDependency */,
			);
			name = SetGameTests;
			productName = SetGameTests;
			productReference = 1F783DB520939AE80006EC19 /* SetGameTests.xctest */;
			productType = "com.apple.product-type.bundle.unit-test";
		};
		1F783DBF20939AE80006EC19 /* SetGameUITests */ = {
			isa = PBXNativeTarget;
			buildConfigurationList = 1F783DCF20939AE80006EC19 /* Build configuration list for PBXNativeTarget "SetGameUITests" */;
			buildPhases = (
				1F783DBC20939AE80006EC19 /* Sources */,
				1F783DBD20939AE80006EC19 /* Frameworks */,
				1F783DBE20939AE80006EC19 /* Resources */,
			);
			buildRules = (
			);
			dependencies = (
				1F783DC220939AE80006EC19 /* PBXTargetDependency */,
			);
			name = SetGameUITests;
			productName = SetGameUITests;
			productReference = 1F783DC020939AE80006EC19 /* SetGameUITests.xctest */;
			productType = "com.apple.product-type.bundle.ui-testing";
		};
/* End PBXNativeTarget section */

/* Begin PBXProject section */
		1F783D9920939AE70006EC19 /* Project object */ = {
			isa = PBXProject;
			attributes = {
				LastSwiftUpdateCheck = 0920;
				LastUpgradeCheck = 0920;
				ORGANIZATIONNAME = SoftDevelopingOrganizationName;
				TargetAttributes = {
					1F783DA020939AE70006EC19 = {
						CreatedOnToolsVersion = 9.2;
						ProvisioningStyle = Automatic;
					};
					1F783DB420939AE80006EC19 = {
						CreatedOnToolsVersion = 9.2;
						ProvisioningStyle = Automatic;
						TestTargetID = 1F783DA020939AE70006EC19;
					};
					1F783DBF20939AE80006EC19 = {
						CreatedOnToolsVersion = 9.2;
						ProvisioningStyle = Automatic;
						TestTargetID = 1F783DA020939AE70006EC19;
					};
				};
			};
			buildConfigurationList = 1F783D9C20939AE70006EC19 /* Build configuration list for PBXProject "SetGame" */;
			compatibilityVersion = "Xcode 8.0";
			developmentRegion = en;
			hasScannedForEncodings = 0;
			knownRegions = (
				en,
				Base,
			);
			mainGroup = 1F783D9820939AE70006EC19;
			productRefGroup = 1F783DA220939AE70006EC19 /* Products */;
			projectDirPath = "";
			projectRoot = "";
			targets = (
				1F783DA020939AE70006EC19 /* SetGame */,
				1F783DB420939AE80006EC19 /* SetGameTests */,
				1F783DBF20939AE80006EC19 /* SetGameUITests */,
			);
		};
/* End PBXProject section */

/* Begin PBXResourcesBuildPhase section */
		1F783D9F20939AE70006EC19 /* Resources */ = {
			isa = PBXResourcesBuildPhase;
			buildActionMask = 2147483647;
			files = (
				1F783DAF20939AE70006EC19 /* LaunchScreen.storyboard in Resources */,
				1F783DAC20939AE70006EC19 /* Assets.xcassets in Resources */,
				1F783DAA20939AE70006EC19 /* Main.storyboard in Resources */,
			);
			runOnlyForDeploymentPostprocessing = 0;
		};
		1F783DB320939AE80006EC19 /* Resources */ = {
			isa = PBXResourcesBuildPhase;
			buildActionMask = 2147483647;
			files = (
			);
			runOnlyForDeploymentPostprocessing = 0;
		};
		1F783DBE20939AE80006EC19 /* Resources */ = {
			isa = PBXResourcesBuildPhase;
			buildActionMask = 2147483647;
			files = (
			);
			runOnlyForDeploymentPostprocessing = 0;
		};
/* End PBXResourcesBuildPhase section */

/* Begin PBXSourcesBuildPhase section */
		1F783D9D20939AE70006EC19 /* Sources */ = {
			isa = PBXSourcesBuildPhase;
			buildActionMask = 2147483647;
			files = (
				1F8F53C820D304E3009805CA /* HalfDiamondSymbolView.swift in Sources */,
				1FC3013820CD1E730073851B /* SetCardView.swift in Sources */,
				1F425F2D20D665A400BEED47 /* CardSymbolViewTemplate.swift in Sources */,
				1F4D1ED720D6D3440057C636 /* PlateJewelSymbolView.swift in Sources */,
				1F81FB4320986F0400E99EB4 /* SetGameSingleton.swift in Sources */,
				1FC3013C20CD59850073851B /* DiamondSymbolView.swift in Sources */,
				1FC3013A20CD25FB0073851B /* GraphicSetViewController.swift in Sources */,
				1F783DA520939AE70006EC19 /* AppDelegate.swift in Sources */,
				1F4090FB20E55E8E0035793F /* Grid.swift in Sources */,
			);
			runOnlyForDeploymentPostprocessing = 0;
		};
		1F783DB120939AE80006EC19 /* Sources */ = {
			isa = PBXSourcesBuildPhase;
			buildActionMask = 2147483647;
			files = (
				1F783DBA20939AE80006EC19 /* SetGameTests.swift in Sources */,
			);
			runOnlyForDeploymentPostprocessing = 0;
		};
		1F783DBC20939AE80006EC19 /* Sources */ = {
			isa = PBXSourcesBuildPhase;
			buildActionMask = 2147483647;
			files = (
				1F783DC520939AE80006EC19 /* SetGameUITests.swift in Sources */,
			);
			runOnlyForDeploymentPostprocessing = 0;
		};
/* End PBXSourcesBuildPhase section */

/* Begin PBXTargetDependency section */
		1F783DB720939AE80006EC19 /* PBXTargetDependency */ = {
			isa = PBXTargetDependency;
			target = 1F783DA020939AE70006EC19 /* SetGame */;
			targetProxy = 1F783DB620939AE80006EC19 /* PBXContainerItemProxy */;
		};
		1F783DC220939AE80006EC19 /* PBXTargetDependency */ = {
			isa = PBXTargetDependency;
			target = 1F783DA020939AE70006EC19 /* SetGame */;
			targetProxy = 1F783DC120939AE80006EC19 /* PBXContainerItemProxy */;
		};
/* End PBXTargetDependency section */

/* Begin PBXVariantGroup section */
		1F783DA820939AE70006EC19 /* Main.storyboard */ = {
			isa = PBXVariantGroup;
			children = (
				1F783DA920939AE70006EC19 /* Base */,
			);
			name = Main.storyboard;
			sourceTree = "<group>";
		};
		1F783DAD20939AE70006EC19 /* LaunchScreen.storyboard */ = {
			isa = PBXVariantGroup;
			children = (
				1F783DAE20939AE70006EC19 /* Base */,
			);
			name = LaunchScreen.storyboard;
			sourceTree = "<group>";
		};
/* End PBXVariantGroup section */

/* Begin XCBuildConfiguration section */
		1F783DC720939AE80006EC19 /* Debug */ = {
			isa = XCBuildConfiguration;
			buildSettings = {
				ALWAYS_SEARCH_USER_PATHS = NO;
				CLANG_ANALYZER_NONNULL = YES;
				CLANG_ANALYZER_NUMBER_OBJECT_CONVERSION = YES_AGGRESSIVE;
				CLANG_CXX_LANGUAGE_STANDARD = "gnu++14";
				CLANG_CXX_LIBRARY = "libc++";
				CLANG_ENABLE_MODULES = YES;
				CLANG_ENABLE_OBJC_ARC = YES;
				CLANG_WARN_BLOCK_CAPTURE_AUTORELEASING = YES;
				CLANG_WARN_BOOL_CONVERSION = YES;
				CLANG_WARN_COMMA = YES;
				CLANG_WARN_CONSTANT_CONVERSION = YES;
				CLANG_WARN_DIRECT_OBJC_ISA_USAGE = YES_ERROR;
				CLANG_WARN_DOCUMENTATION_COMMENTS = YES;
				CLANG_WARN_EMPTY_BODY = YES;
				CLANG_WARN_ENUM_CONVERSION = YES;
				CLANG_WARN_INFINITE_RECURSION = YES;
				CLANG_WARN_INT_CONVERSION = YES;
				CLANG_WARN_NON_LITERAL_NULL_CONVERSION = YES;
				CLANG_WARN_OBJC_LITERAL_CONVERSION = YES;
				CLANG_WARN_OBJC_ROOT_CLASS = YES_ERROR;
				CLANG_WARN_RANGE_LOOP_ANALYSIS = YES;
				CLANG_WARN_STRICT_PROTOTYPES = YES;
				CLANG_WARN_SUSPICIOUS_MOVE = YES;
				CLANG_WARN_UNGUARDED_AVAILABILITY = YES_AGGRESSIVE;
				CLANG_WARN_UNREACHABLE_CODE = YES;
				CLANG_WARN__DUPLICATE_METHOD_MATCH = YES;
				CODE_SIGN_IDENTITY = "iPhone Developer";
				COPY_PHASE_STRIP = NO;
				DEBUG_INFORMATION_FORMAT = dwarf;
				ENABLE_STRICT_OBJC_MSGSEND = YES;
				ENABLE_TESTABILITY = YES;
				GCC_C_LANGUAGE_STANDARD = gnu11;
				GCC_DYNAMIC_NO_PIC = NO;
				GCC_NO_COMMON_BLOCKS = YES;
				GCC_OPTIMIZATION_LEVEL = 0;
				GCC_PREPROCESSOR_DEFINITIONS = (
					"DEBUG=1",
					"$(inherited)",
				);
				GCC_WARN_64_TO_32_BIT_CONVERSION = YES;
				GCC_WARN_ABOUT_RETURN_TYPE = YES_ERROR;
				GCC_WARN_UNDECLARED_SELECTOR = YES;
				GCC_WARN_UNINITIALIZED_AUTOS = YES_AGGRESSIVE;
				GCC_WARN_UNUSED_FUNCTION = YES;
				GCC_WARN_UNUSED_VARIABLE = YES;
				IPHONEOS_DEPLOYMENT_TARGET = 11.2;
				MTL_ENABLE_DEBUG_INFO = YES;
				ONLY_ACTIVE_ARCH = YES;
				SDKROOT = iphoneos;
				SWIFT_ACTIVE_COMPILATION_CONDITIONS = DEBUG;
				SWIFT_OPTIMIZATION_LEVEL = "-Onone";
			};
			name = Debug;
		};
		1F783DC820939AE80006EC19 /* Release */ = {
			isa = XCBuildConfiguration;
			buildSettings = {
				ALWAYS_SEARCH_USER_PATHS = NO;
				CLANG_ANALYZER_NONNULL = YES;
				CLANG_ANALYZER_NUMBER_OBJECT_CONVERSION = YES_AGGRESSIVE;
				CLANG_CXX_LANGUAGE_STANDARD = "gnu++14";
				CLANG_CXX_LIBRARY = "libc++";
				CLANG_ENABLE_MODULES = YES;
				CLANG_ENABLE_OBJC_ARC = YES;
				CLANG_WARN_BLOCK_CAPTURE_AUTORELEASING = YES;
				CLANG_WARN_BOOL_CONVERSION = YES;
				CLANG_WARN_COMMA = YES;
				CLANG_WARN_CONSTANT_CONVERSION = YES;
				CLANG_WARN_DIRECT_OBJC_ISA_USAGE = YES_ERROR;
				CLANG_WARN_DOCUMENTATION_COMMENTS = YES;
				CLANG_WARN_EMPTY_BODY = YES;
				CLANG_WARN_ENUM_CONVERSION = YES;
				CLANG_WARN_INFINITE_RECURSION = YES;
				CLANG_WARN_INT_CONVERSION = YES;
				CLANG_WARN_NON_LITERAL_NULL_CONVERSION = YES;
				CLANG_WARN_OBJC_LITERAL_CONVERSION = YES;
				CLANG_WARN_OBJC_ROOT_CLASS = YES_ERROR;
				CLANG_WARN_RANGE_LOOP_ANALYSIS = YES;
				CLANG_WARN_STRICT_PROTOTYPES = YES;
				CLANG_WARN_SUSPICIOUS_MOVE = YES;
				CLANG_WARN_UNGUARDED_AVAILABILITY = YES_AGGRESSIVE;
				CLANG_WARN_UNREACHABLE_CODE = YES;
				CLANG_WARN__DUPLICATE_METHOD_MATCH = YES;
				CODE_SIGN_IDENTITY = "iPhone Developer";
				COPY_PHASE_STRIP = NO;
				DEBUG_INFORMATION_FORMAT = "dwarf-with-dsym";
				ENABLE_NS_ASSERTIONS = NO;
				ENABLE_STRICT_OBJC_MSGSEND = YES;
				GCC_C_LANGUAGE_STANDARD = gnu11;
				GCC_NO_COMMON_BLOCKS = YES;
				GCC_WARN_64_TO_32_BIT_CONVERSION = YES;
				GCC_WARN_ABOUT_RETURN_TYPE = YES_ERROR;
				GCC_WARN_UNDECLARED_SELECTOR = YES;
				GCC_WARN_UNINITIALIZED_AUTOS = YES_AGGRESSIVE;
				GCC_WARN_UNUSED_FUNCTION = YES;
				GCC_WARN_UNUSED_VARIABLE = YES;
				IPHONEOS_DEPLOYMENT_TARGET = 11.2;
				MTL_ENABLE_DEBUG_INFO = NO;
				SDKROOT = iphoneos;
				SWIFT_OPTIMIZATION_LEVEL = "-Owholemodule";
				VALIDATE_PRODUCT = YES;
			};
			name = Release;
		};
		1F783DCA20939AE80006EC19 /* Debug */ = {
			isa = XCBuildConfiguration;
			buildSettings = {
				ASSETCATALOG_COMPILER_APPICON_NAME = AppIcon;
				CODE_SIGN_STYLE = Automatic;
				DEVELOPMENT_TEAM = QUQ986ZABA;
				INFOPLIST_FILE = SetGame/Info.plist;
				LD_RUNPATH_SEARCH_PATHS = "$(inherited) @executable_path/Frameworks";
				PRODUCT_BUNDLE_IDENTIFIER = SDOSoft.SetGame;
				PRODUCT_NAME = "$(TARGET_NAME)";
				SWIFT_VERSION = 4.0;
				TARGETED_DEVICE_FAMILY = "1,2";
			};
			name = Debug;
		};
		1F783DCB20939AE80006EC19 /* Release */ = {
			isa = XCBuildConfiguration;
			buildSettings = {
				ASSETCATALOG_COMPILER_APPICON_NAME = AppIcon;
				CODE_SIGN_STYLE = Automatic;
				DEVELOPMENT_TEAM = QUQ986ZABA;
				INFOPLIST_FILE = SetGame/Info.plist;
				LD_RUNPATH_SEARCH_PATHS = "$(inherited) @executable_path/Frameworks";
				PRODUCT_BUNDLE_IDENTIFIER = SDOSoft.SetGame;
				PRODUCT_NAME = "$(TARGET_NAME)";
				SWIFT_VERSION = 4.0;
				TARGETED_DEVICE_FAMILY = "1,2";
			};
			name = Release;
		};
		1F783DCD20939AE80006EC19 /* Debug */ = {
			isa = XCBuildConfiguration;
			buildSettings = {
				ALWAYS_EMBED_SWIFT_STANDARD_LIBRARIES = YES;
				BUNDLE_LOADER = "$(TEST_HOST)";
				CODE_SIGN_STYLE = Automatic;
				DEVELOPMENT_TEAM = QUQ986ZABA;
				INFOPLIST_FILE = SetGameTests/Info.plist;
				LD_RUNPATH_SEARCH_PATHS = "$(inherited) @executable_path/Frameworks @loader_path/Frameworks";
				PRODUCT_BUNDLE_IDENTIFIER = SDOSoft.SetGameTests;
				PRODUCT_NAME = "$(TARGET_NAME)";
				SWIFT_VERSION = 4.0;
				TARGETED_DEVICE_FAMILY = "1,2";
				TEST_HOST = "$(BUILT_PRODUCTS_DIR)/SetGame.app/SetGame";
			};
			name = Debug;
		};
		1F783DCE20939AE80006EC19 /* Release */ = {
			isa = XCBuildConfiguration;
			buildSettings = {
				ALWAYS_EMBED_SWIFT_STANDARD_LIBRARIES = YES;
				BUNDLE_LOADER = "$(TEST_HOST)";
				CODE_SIGN_STYLE = Automatic;
				DEVELOPMENT_TEAM = QUQ986ZABA;
				INFOPLIST_FILE = SetGameTests/Info.plist;
				LD_RUNPATH_SEARCH_PATHS = "$(inherited) @executable_path/Frameworks @loader_path/Frameworks";
				PRODUCT_BUNDLE_IDENTIFIER = SDOSoft.SetGameTests;
				PRODUCT_NAME = "$(TARGET_NAME)";
				SWIFT_VERSION = 4.0;
				TARGETED_DEVICE_FAMILY = "1,2";
				TEST_HOST = "$(BUILT_PRODUCTS_DIR)/SetGame.app/SetGame";
			};
			name = Release;
		};
		1F783DD020939AE80006EC19 /* Debug */ = {
			isa = XCBuildConfiguration;
			buildSettings = {
				ALWAYS_EMBED_SWIFT_STANDARD_LIBRARIES = YES;
				CODE_SIGN_STYLE = Automatic;
				DEVELOPMENT_TEAM = QUQ986ZABA;
				INFOPLIST_FILE = SetGameUITests/Info.plist;
				LD_RUNPATH_SEARCH_PATHS = "$(inherited) @executable_path/Frameworks @loader_path/Frameworks";
				PRODUCT_BUNDLE_IDENTIFIER = SDOSoft.SetGameUITests;
				PRODUCT_NAME = "$(TARGET_NAME)";
				SWIFT_VERSION = 4.0;
				TARGETED_DEVICE_FAMILY = "1,2";
				TEST_TARGET_NAME = SetGame;
			};
			name = Debug;
		};
		1F783DD120939AE80006EC19 /* Release */ = {
			isa = XCBuildConfiguration;
			buildSettings = {
				ALWAYS_EMBED_SWIFT_STANDARD_LIBRARIES = YES;
				CODE_SIGN_STYLE = Automatic;
				DEVELOPMENT_TEAM = QUQ986ZABA;
				INFOPLIST_FILE = SetGameUITests/Info.plist;
				LD_RUNPATH_SEARCH_PATHS = "$(inherited) @executable_path/Frameworks @loader_path/Frameworks";
				PRODUCT_BUNDLE_IDENTIFIER = SDOSoft.SetGameUITests;
				PRODUCT_NAME = "$(TARGET_NAME)";
				SWIFT_VERSION = 4.0;
				TARGETED_DEVICE_FAMILY = "1,2";
				TEST_TARGET_NAME = SetGame;
			};
			name = Release;
		};
/* End XCBuildConfiguration section */

/* Begin XCConfigurationList section */
		1F783D9C20939AE70006EC19 /* Build configuration list for PBXProject "SetGame" */ = {
			isa = XCConfigurationList;
			buildConfigurations = (
				1F783DC720939AE80006EC19 /* Debug */,
				1F783DC820939AE80006EC19 /* Release */,
			);
			defaultConfigurationIsVisible = 0;
			defaultConfigurationName = Release;
		};
		1F783DC920939AE80006EC19 /* Build configuration list for PBXNativeTarget "SetGame" */ = {
			isa = XCConfigurationList;
			buildConfigurations = (
				1F783DCA20939AE80006EC19 /* Debug */,
				1F783DCB20939AE80006EC19 /* Release */,
			);
			defaultConfigurationIsVisible = 0;
			defaultConfigurationName = Release;
		};
		1F783DCC20939AE80006EC19 /* Build configuration list for PBXNativeTarget "SetGameTests" */ = {
			isa = XCConfigurationList;
			buildConfigurations = (
				1F783DCD20939AE80006EC19 /* Debug */,
				1F783DCE20939AE80006EC19 /* Release */,
			);
			defaultConfigurationIsVisible = 0;
			defaultConfigurationName = Release;
		};
		1F783DCF20939AE80006EC19 /* Build configuration list for PBXNativeTarget "SetGameUITests" */ = {
			isa = XCConfigurationList;
			buildConfigurations = (
				1F783DD020939AE80006EC19 /* Debug */,
				1F783DD120939AE80006EC19 /* Release */,
			);
			defaultConfigurationIsVisible = 0;
			defaultConfigurationName = Release;
		};
/* End XCConfigurationList section */
	};
	rootObject = 1F783D9920939AE70006EC19 /* Project object */;
}
